{
  "name": "abpx",
<<<<<<< HEAD
  "version": "0.0.616",
=======
  "version": "0.0.618",
>>>>>>> 16d58cf19379c685dfd17a488f3d164720c68a97
  "lockfileVersion": 2,
  "requires": true,
  "packages": {
    "": {
      "name": "abpx",
      "version": "0.0.616",
      "engines": {
        "vscode": "^1.49.0"
      }
    }
  }
}
