{
  "name": "abpx",
<<<<<<< HEAD
  "version": "0.0.852",
=======
  "version": "0.0.854",
>>>>>>> 557e1a94798acd544a0ca1cfeb30c7c4653502f5
  "lockfileVersion": 2,
  "requires": true,
  "packages": {
    "": {
      "name": "abpx",
<<<<<<< HEAD
      "version": "0.0.852",
=======
      "version": "0.0.854",
>>>>>>> 557e1a94798acd544a0ca1cfeb30c7c4653502f5
      "engines": {
        "vscode": "^1.49.0"
      }
    }
  }
}
