{
  "name": "abpx",
<<<<<<< HEAD
  "version": "0.0.672",
=======
  "version": "0.0.692",
>>>>>>> 79211a22d13361216577379714b26f4f0eaa481a
  "lockfileVersion": 2,
  "requires": true,
  "packages": {
    "": {
      "name": "abpx",
      "version": "0.0.692",
      "engines": {
        "vscode": "^1.49.0"
      }
    }
  }
}
